
Microsoft Visual Studio Solution File, Format Version 12.00
# Visual Studio 15
VisualStudioVersion = 15.0.26228.4
MinimumVisualStudioVersion = 10.0.40219.1
Project("{9A19103F-16F7-4668-BE54-9A1E7A4F7556}") = "Hudl.FFmpeg", "Hudl.FFmpeg\Hudl.FFmpeg.csproj", "{3992FD04-35F6-47BA-A7C0-7B189750C0DE}"
EndProject
Project("{9A19103F-16F7-4668-BE54-9A1E7A4F7556}") = "Hudl.FFmpeg.Core", "Hudl.FFmpeg.Core\Hudl.FFmpeg.Core.csproj", "{04F76BD9-F9E4-4E5A-8DF5-DF22A355E492}"
EndProject
Project("{FAE04EC0-301F-11D3-BF4B-00C04F79EFBC}") = "Hudl.FFprobe", "Hudl.FFProbe\Hudl.FFprobe.csproj", "{03CDF0F2-E25C-4154-9656-F70C1004A40D}"
EndProject
Project("{9A19103F-16F7-4668-BE54-9A1E7A4F7556}") = "Hudl.FFmpeg.Tests", "Hudl.FFmpeg.Tests\Hudl.FFmpeg.Tests.csproj", "{B944DF41-B320-47E7-AF94-D5B182BC4401}"
EndProject
Global
	GlobalSection(SolutionConfigurationPlatforms) = preSolution
		Debug|Any CPU = Debug|Any CPU
		Release|Any CPU = Release|Any CPU
	EndGlobalSection
	GlobalSection(ProjectConfigurationPlatforms) = postSolution
		{3992FD04-35F6-47BA-A7C0-7B189750C0DE}.Debug|Any CPU.ActiveCfg = Debug|Any CPU
		{3992FD04-35F6-47BA-A7C0-7B189750C0DE}.Debug|Any CPU.Build.0 = Debug|Any CPU
		{3992FD04-35F6-47BA-A7C0-7B189750C0DE}.Release|Any CPU.ActiveCfg = Release|Any CPU
		{3992FD04-35F6-47BA-A7C0-7B189750C0DE}.Release|Any CPU.Build.0 = Release|Any CPU
		{04F76BD9-F9E4-4E5A-8DF5-DF22A355E492}.Debug|Any CPU.ActiveCfg = Debug|Any CPU
		{04F76BD9-F9E4-4E5A-8DF5-DF22A355E492}.Debug|Any CPU.Build.0 = Debug|Any CPU
		{04F76BD9-F9E4-4E5A-8DF5-DF22A355E492}.Release|Any CPU.ActiveCfg = Release|Any CPU
		{04F76BD9-F9E4-4E5A-8DF5-DF22A355E492}.Release|Any CPU.Build.0 = Release|Any CPU
		{03CDF0F2-E25C-4154-9656-F70C1004A40D}.Debug|Any CPU.ActiveCfg = Debug|Any CPU
		{03CDF0F2-E25C-4154-9656-F70C1004A40D}.Debug|Any CPU.Build.0 = Debug|Any CPU
		{03CDF0F2-E25C-4154-9656-F70C1004A40D}.Release|Any CPU.ActiveCfg = Release|Any CPU
		{03CDF0F2-E25C-4154-9656-F70C1004A40D}.Release|Any CPU.Build.0 = Release|Any CPU
		{B944DF41-B320-47E7-AF94-D5B182BC4401}.Debug|Any CPU.ActiveCfg = Debug|Any CPU
		{B944DF41-B320-47E7-AF94-D5B182BC4401}.Debug|Any CPU.Build.0 = Debug|Any CPU
		{B944DF41-B320-47E7-AF94-D5B182BC4401}.Release|Any CPU.ActiveCfg = Release|Any CPU
		{B944DF41-B320-47E7-AF94-D5B182BC4401}.Release|Any CPU.Build.0 = Release|Any CPU
	EndGlobalSection
	GlobalSection(SolutionProperties) = preSolution
		HideSolutionNode = FALSE
	EndGlobalSection
EndGlobal
